# This file is automatically @generated by Cargo.
# It is not intended for manual editing.
version = 4

[[package]]
name = "compress"
version = "0.1.0"
source = "git+https://github.com/qdot3/lib-cp#785c480053d81ab09498ed4922bfa8078110f750"

[[package]]
name = "foldable_deque"
version = "0.2.1"
dependencies = [
 "from_bytes",
 "input",
 "output",
 "traits",
]

[[package]]
name = "foldable_queue"
version = "0.2.1"
dependencies = [
 "from_bytes",
 "input",
 "output",
 "traits",
]

[[package]]
name = "from_bytes"
version = "0.1.0"
source = "git+https://github.com/qdot3/lib-cp#785c480053d81ab09498ed4922bfa8078110f750"

[[package]]
name = "input"
version = "0.1.0"
source = "git+https://github.com/qdot3/lib-cp#785c480053d81ab09498ed4922bfa8078110f750"
dependencies = [
 "from_bytes",
]

[[package]]
name = "op_add"
version = "0.1.0"
dependencies = [
 "traits",
]

[[package]]
name = "op_affine"
version = "0.1.0"
dependencies = [
 "traits",
]

[[package]]
name = "op_max"
version = "0.1.0"
dependencies = [
 "traits",
]

[[package]]
name = "op_min"
version = "0.1.0"
dependencies = [
 "traits",
]

[[package]]
name = "output"
version = "0.1.0"
source = "git+https://github.com/qdot3/lib-cp#785c480053d81ab09498ed4922bfa8078110f750"

[[package]]
name = "segtree"
version = "0.1.1"
dependencies = [
 "compress",
 "from_bytes",
 "input",
 "op_add",
 "output",
 "traits",
]

[[package]]
name = "segtree_dual"
version = "0.1.0"
dependencies = [
 "from_bytes",
 "input",
 "op_add",
 "op_affine",
 "output",
 "traits",
]

[[package]]
name = "segtree_lazy"
version = "0.1.1"
dependencies = [
 "compress",
 "from_bytes",
 "input",
 "op_add",
 "op_affine",
 "output",
 "traits",
]

[[package]]
name = "traits"
version = "0.1.0"
