# This file is automatically @generated by Cargo.
# It is not intended for manual editing.
version = 4

[[package]]
name = "bit"
version = "0.2.0"
dependencies = [
 "from_bytes",
 "op_add",
 "output",
 "reader",
 "traits",
]

[[package]]
name = "compress"
version = "0.1.0"
source = "git+https://github.com/qdot3/lib-cp#920c7ab32cc21b5b5bf3beda9ec225eb29365b7d"

[[package]]
name = "foldable_deque"
version = "0.3.0"
dependencies = [
 "from_bytes",
 "input",
 "output",
 "traits",
]

[[package]]
name = "foldable_queue"
version = "0.3.0"
dependencies = [
 "from_bytes",
 "input",
 "output",
 "traits",
]

[[package]]
name = "from_bytes"
version = "0.1.0"
source = "git+https://github.com/qdot3/lib-cp#920c7ab32cc21b5b5bf3beda9ec225eb29365b7d"

[[package]]
name = "input"
version = "0.1.0"
source = "git+https://github.com/qdot3/lib-cp#920c7ab32cc21b5b5bf3beda9ec225eb29365b7d"
dependencies = [
 "from_bytes",
]

[[package]]
name = "op_add"
version = "0.2.0"
dependencies = [
 "traits",
]

[[package]]
name = "op_affine"
version = "0.2.0"
dependencies = [
 "traits",
]

[[package]]
name = "op_bitand"
version = "0.1.0"
dependencies = [
 "traits",
]

[[package]]
name = "op_bitor"
version = "0.1.0"
dependencies = [
 "traits",
]

[[package]]
name = "op_bitxor"
version = "0.1.0"
dependencies = [
 "traits",
]

[[package]]
name = "op_max"
version = "0.2.0"
dependencies = [
 "traits",
]

[[package]]
name = "op_min"
version = "0.2.0"
dependencies = [
 "traits",
]

[[package]]
name = "output"
version = "0.1.0"
source = "git+https://github.com/qdot3/lib-cp#920c7ab32cc21b5b5bf3beda9ec225eb29365b7d"

[[package]]
name = "reader"
version = "0.1.0"
source = "git+https://github.com/qdot3/lib-cp#920c7ab32cc21b5b5bf3beda9ec225eb29365b7d"
dependencies = [
 "from_bytes",
]

[[package]]
name = "segtree"
version = "0.3.0"
dependencies = [
 "compress",
 "from_bytes",
 "input",
 "op_add",
 "output",
 "reader",
 "traits",
]

[[package]]
name = "segtree_dual"
version = "0.3.0"
dependencies = [
 "from_bytes",
 "input",
 "op_add",
 "op_affine",
 "output",
 "traits",
]

[[package]]
name = "segtree_lazy"
version = "0.2.0"
dependencies = [
 "compress",
 "from_bytes",
 "input",
 "op_add",
 "op_affine",
 "output",
 "reader",
 "traits",
]

[[package]]
name = "sparse_table"
version = "0.1.2"
dependencies = [
 "from_bytes",
 "op_min",
 "output",
 "reader",
 "traits",
]

[[package]]
name = "traits"
version = "0.2.0"
